<?xml version="1.0" encoding="utf-8"?>
<Project ToolsVersion="4.0" xmlns="http://schemas.microsoft.com/developer/msbuild/2003">
  <ItemGroup>
    <Filter Include="Source Files">
      <UniqueIdentifier>{6a23a4d2-b6cf-4944-973f-d7ce8b2a884b}</UniqueIdentifier>
    </Filter>
    <Filter Include="Source Files\common files">
      <UniqueIdentifier>{74087f39-9abe-49c6-91b5-bb4ee4b26d6e}</UniqueIdentifier>
    </Filter>
    <Filter Include="Link Libraries">
      <UniqueIdentifier>{cb5936d7-26a9-4403-a17a-27b412f76b7e}</UniqueIdentifier>
    </Filter>
    <Filter Include="Header Files">
      <UniqueIdentifier>{53dad0ae-137d-4d28-a810-c6c88f09462e}</UniqueIdentifier>
    </Filter>
    <Filter Include="Resource Files">
      <UniqueIdentifier>{6f6bdf41-57a4-48ae-8b2f-f2a59c405f5e}</UniqueIdentifier>
    </Filter>
  </ItemGroup>
  <ItemGroup>
    <ClCompile Include="glview.cpp">
      <Filter>Source Files</Filter>
    </ClCompile>
    <ClCompile Include="..\..\public\tier0\memoverride.cpp">
      <Filter>Source Files</Filter>
    </ClCompile>
    <ClCompile Include="..\common\cmdlib.cpp">
      <Filter>Source Files\common files</Filter>
    </ClCompile>
    <ClCompile Include="..\..\public\filesystem_helpers.cpp">
      <Filter>Source Files\common files</Filter>
    </ClCompile>
    <ClCompile Include="..\..\public\filesystem_init.cpp">
      <Filter>Source Files\common files</Filter>
    </ClCompile>
    <ClCompile Include="..\common\filesystem_tools.cpp">
      <Filter>Source Files\common files</Filter>
    </ClCompile>
    <ClCompile Include="..\common\physdll.cpp">
      <Filter>Source Files\common files</Filter>
    </ClCompile>
  </ItemGroup>
  <ItemGroup>
    <Library Include="..\..\lib\public\mathlib.lib">
      <Filter>Link Libraries</Filter>
    </Library>
    <Library Include="..\..\lib\public\tier0.lib">
      <Filter>Link Libraries</Filter>
    </Library>
    <Library Include="..\..\lib\public\tier1.lib">
      <Filter>Link Libraries</Filter>
    </Library>
    <Library Include="..\..\lib\public\tier2.lib">
      <Filter>Link Libraries</Filter>
    </Library>
    <Library Include="..\..\lib\public\vstdlib.lib">
      <Filter>Link Libraries</Filter>
    </Library>
  </ItemGroup>
  <ItemGroup>
    <ClInclude Include="..\common\cmdlib.h">
      <Filter>Header Files</Filter>
    </ClInclude>
    <ClInclude Include="glos.h">
      <Filter>Header Files</Filter>
    </ClInclude>
    <ClInclude Include="..\..\public\mathlib\mathlib.h">
      <Filter>Header Files</Filter>
    </ClInclude>
    <ClInclude Include="C:\Program Files\Microsoft Visual Studio\VC98\Include\BASETSD.H">
      <Filter>Resource Files</Filter>
    </ClInclude>
  </ItemGroup>
</Project>